# This file is automatically @generated by Cargo.
# It is not intended for manual editing.
version = 3

[[package]]
name = "cfg-if"
version = "1.0.0"
source = "registry+https://github.com/rust-lang/crates.io-index"
checksum = "baf1de4339761588bc0619e3cbc0120ee582ebb74b53b4efbf79117bd2da40fd"

[[package]]
name = "fancy_constructor"
version = "1.0.1"
dependencies = [
 "macroific",
 "proc-macro2",
 "quote",
 "syn",
]

[[package]]
name = "macroific"
version = "1.2.2"
source = "registry+https://github.com/rust-lang/crates.io-index"
checksum = "a304d83e1ef544546dec28cafb9fcb72bfd281da112042d9279808b2ef6be600"
dependencies = [
 "macroific_attr_parse",
 "macroific_core",
 "macroific_macro",
]

[[package]]
name = "macroific_attr_parse"
version = "1.2.2"
source = "registry+https://github.com/rust-lang/crates.io-index"
checksum = "cd34ba6db76d16ae96fbb873ea972524d6b83577040e2758582217aaa2527546"
dependencies = [
 "cfg-if",
 "proc-macro2",
 "quote",
 "syn",
]

[[package]]
name = "macroific_core"
version = "1.0.1"
source = "registry+https://github.com/rust-lang/crates.io-index"
checksum = "c5a4902dfaf37c1480d6573bbc009b41e50e859acd11f5dade360a0a17ecbefb"
dependencies = [
 "proc-macro2",
 "quote",
 "syn",
]

[[package]]
name = "macroific_macro"
version = "1.1.0"
source = "registry+https://github.com/rust-lang/crates.io-index"
checksum = "b0c9853143cbed7f1e41dc39fee95f9b361bec65c8dc2a01bf609be01b61f5ae"
dependencies = [
 "macroific_attr_parse",
 "macroific_core",
 "proc-macro2",
 "quote",
 "syn",
]

[[package]]
name = "proc-macro2"
version = "1.0.66"
source = "registry+https://github.com/rust-lang/crates.io-index"
checksum = "18fb31db3f9bddb2ea821cde30a9f70117e3f119938b5ee630b7403aa6e2ead9"
dependencies = [
 "unicode-ident",
]

[[package]]
name = "quote"
version = "1.0.33"
source = "registry+https://github.com/rust-lang/crates.io-index"
checksum = "5267fca4496028628a95160fc423a33e8b2e6af8a5302579e322e4b520293cae"
dependencies = [
 "proc-macro2",
]

[[package]]
name = "syn"
version = "2.0.30"
source = "registry+https://github.com/rust-lang/crates.io-index"
checksum = "0ddc1f908d32ec46858c2d3b3daa00cc35bf4b6841ce4355c7bb3eedf2283a68"
dependencies = [
 "proc-macro2",
 "quote",
 "unicode-ident",
]

[[package]]
name = "unicode-ident"
version = "1.0.11"
source = "registry+https://github.com/rust-lang/crates.io-index"
checksum = "301abaae475aa91687eb82514b328ab47a211a533026cb25fc3e519b86adfc3c"
